
Microsoft Visual Studio Solution File, Format Version 12.00
# Visual Studio 15
VisualStudioVersion = 15.0.26730.8
MinimumVisualStudioVersion = 10.0.40219.1
Project("{FAE04EC0-301F-11D3-BF4B-00C04F79EFBC}") = "pyfApp", "pyfApp\pyfApp.csproj", "{ADD9920E-6609-4F45-B262-5FE34DAC5B7E}"
EndProject
Global
	GlobalSection(SolutionConfigurationPlatforms) = preSolution
		Debug|Any CPU = Debug|Any CPU
		Release|Any CPU = Release|Any CPU
	EndGlobalSection
	GlobalSection(ProjectConfigurationPlatforms) = postSolution
		{ADD9920E-6609-4F45-B262-5FE34DAC5B7E}.Debug|Any CPU.ActiveCfg = Debug|Any CPU
		{ADD9920E-6609-4F45-B262-5FE34DAC5B7E}.Debug|Any CPU.Build.0 = Debug|Any CPU
		{ADD9920E-6609-4F45-B262-5FE34DAC5B7E}.Release|Any CPU.ActiveCfg = Release|Any CPU
		{ADD9920E-6609-4F45-B262-5FE34DAC5B7E}.Release|Any CPU.Build.0 = Release|Any CPU
	EndGlobalSection
	GlobalSection(SolutionProperties) = preSolution
		HideSolutionNode = FALSE
	EndGlobalSection
	GlobalSection(ExtensibilityGlobals) = postSolution
		SolutionGuid = {2D40464D-B4C8-448F-9739-3A65FBADDE22}
	EndGlobalSection
EndGlobal
